lockfileVersion: 5.4

specifiers:
  '@prisma/client': ^4.8.1
  prisma: ^4.8.1
  typescript: ^4.9.4

dependencies:
  '@prisma/client': 4.8.1_prisma@4.8.1

devDependencies:
  prisma: 4.8.1
  typescript: 4.9.4

packages:

  /@prisma/client/4.8.1_prisma@4.8.1:
    resolution: {integrity: sha512-d4xhZhETmeXK/yZ7K0KcVOzEfI5YKGGEr4F5SBV04/MU4ncN/HcE28sy3e4Yt8UFW0ZuImKFQJE+9rWt9WbGSQ==}
    engines: {node: '>=14.17'}
    requiresBuild: true
    peerDependencies:
      prisma: '*'
    peerDependenciesMeta:
      prisma:
        optional: true
    dependencies:
      '@prisma/engines-version': 4.8.0-61.d6e67a83f971b175a593ccc12e15c4a757f93ffe
      prisma: 4.8.1
    dev: false

  /@prisma/engines-version/4.8.0-61.d6e67a83f971b175a593ccc12e15c4a757f93ffe:
    resolution: {integrity: sha512-MHSOSexomRMom8QN4t7bu87wPPD+pa+hW9+71JnVcF3DqyyO/ycCLhRL1we3EojRpZxKvuyGho2REQsMCvxcJw==}
    dev: false

  /@prisma/engines/4.8.1:
    resolution: {integrity: sha512-93tctjNXcIS+i/e552IO6tqw17sX8liivv8WX9lDMCpEEe3ci+nT9F+1oHtAafqruXLepKF80i/D20Mm+ESlOw==}
    requiresBuild: true

  /prisma/4.8.1:
    resolution: {integrity: sha512-ZMLnSjwulIeYfaU1O6/LF6PEJzxN5par5weykxMykS9Z6ara/j76JH3Yo2AH3bgJbPN4Z6NeCK9s5fDkzf33cg==}
    engines: {node: '>=14.17'}
    hasBin: true
    requiresBuild: true
    dependencies:
      '@prisma/engines': 4.8.1

  /typescript/4.9.4:
    resolution: {integrity: sha512-Uz+dTXYzxXXbsFpM86Wh3dKCxrQqUcVMxwU54orwlJjOpO3ao8L7j5lH+dWfTwgCwIuM9GQ2kvVotzYJMXTBZg==}
    engines: {node: '>=4.2.0'}
    hasBin: true
    dev: true
